
Microsoft Visual Studio Solution File, Format Version 12.00
# Visual Studio Version 17
VisualStudioVersion = 17.13.35919.96 d17.13
MinimumVisualStudioVersion = 10.0.40219.1
Project("{FAE04EC0-301F-11D3-BF4B-00C04F79EFBC}") = "DrawingEditor", "DrawingEditor\DrawingEditor.csproj", "{DF5229EA-9B54-461E-B193-B11C29F6B703}"
EndProject
Global
	GlobalSection(SolutionConfigurationPlatforms) = preSolution
		Debug|Any CPU = Debug|Any CPU
		Release|Any CPU = Release|Any CPU
	EndGlobalSection
	GlobalSection(ProjectConfigurationPlatforms) = postSolution
		{DF5229EA-9B54-461E-B193-B11C29F6B703}.Debug|Any CPU.ActiveCfg = Debug|Any CPU
		{DF5229EA-9B54-461E-B193-B11C29F6B703}.Debug|Any CPU.Build.0 = Debug|Any CPU
		{DF5229EA-9B54-461E-B193-B11C29F6B703}.Release|Any CPU.ActiveCfg = Release|Any CPU
		{DF5229EA-9B54-461E-B193-B11C29F6B703}.Release|Any CPU.Build.0 = Release|Any CPU
	EndGlobalSection
	GlobalSection(SolutionProperties) = preSolution
		HideSolutionNode = FALSE
	EndGlobalSection
	GlobalSection(ExtensibilityGlobals) = postSolution
		SolutionGuid = {B7720E77-6B53-4B23-8912-42887E56A039}
	EndGlobalSection
EndGlobal
